// !$*UTF8*$!
{
	archiveVersion = 1;
	classes = {
	};
	objectVersion = 51;
	objects = {

/* Begin PBXBuildFile section */
		000E0D2022C498FE0080DFC7 /* ModelStructures.swift in Sources */ = {isa = PBXBuildFile; fileRef = 000E0D1F22C498FE0080DFC7 /* ModelStructures.swift */; };
		000E0D2222C4C6300080DFC7 /* Extensions.swift in Sources */ = {isa = PBXBuildFile; fileRef = 000E0D2122C4C6300080DFC7 /* Extensions.swift */; };
		001BCF6422C0DEF300419E00 /* PasswordRecovery.swift in Sources */ = {isa = PBXBuildFile; fileRef = 001BCF6322C0DEF300419E00 /* PasswordRecovery.swift */; };
		0023A28622C1F28D007BEB2D /* Localizable.strings in Resources */ = {isa = PBXBuildFile; fileRef = 0023A28822C1F28D007BEB2D /* Localizable.strings */; };
		002CE26D22E9FB520081422E /* serverInfo.swift in Sources */ = {isa = PBXBuildFile; fileRef = 002CE26C22E9FB520081422E /* serverInfo.swift */; };
		002CE27422E9FC640081422E /* QRScannerView.swift in Sources */ = {isa = PBXBuildFile; fileRef = 002CE26F22E9FC640081422E /* QRScannerView.swift */; };
		002CE27522E9FC640081422E /* DetailViewController.swift in Sources */ = {isa = PBXBuildFile; fileRef = 002CE27022E9FC640081422E /* DetailViewController.swift */; };
		002CE27622E9FC640081422E /* QRData.swift in Sources */ = {isa = PBXBuildFile; fileRef = 002CE27122E9FC640081422E /* QRData.swift */; };
		002CE27722E9FC640081422E /* QRScannerViewController.swift in Sources */ = {isa = PBXBuildFile; fileRef = 002CE27222E9FC640081422E /* QRScannerViewController.swift */; };
		002CE27822E9FC640081422E /* CopyLabel.swift in Sources */ = {isa = PBXBuildFile; fileRef = 002CE27322E9FC640081422E /* CopyLabel.swift */; };
		002CE2A422E9FCA50081422E /* PhotoCell.swift in Sources */ = {isa = PBXBuildFile; fileRef = 002CE27A22E9FCA40081422E /* PhotoCell.swift */; };
		002CE2A522E9FCA50081422E /* SortedTableVC.swift in Sources */ = {isa = PBXBuildFile; fileRef = 002CE27B22E9FCA40081422E /* SortedTableVC.swift */; };
		002CE2A622E9FCA50081422E /* AssociatedPhotos.swift in Sources */ = {isa = PBXBuildFile; fileRef = 002CE27C22E9FCA40081422E /* AssociatedPhotos.swift */; };
		002CE2A722E9FCA50081422E /* ZoomedPhotoViewController.swift in Sources */ = {isa = PBXBuildFile; fileRef = 002CE27D22E9FCA40081422E /* ZoomedPhotoViewController.swift */; };
		002CE2A822E9FCA50081422E /* UIImage.swift in Sources */ = {isa = PBXBuildFile; fileRef = 002CE27E22E9FCA40081422E /* UIImage.swift */; };
		002CE2A922E9FCA50081422E /* ImageScrollView.swift in Sources */ = {isa = PBXBuildFile; fileRef = 002CE27F22E9FCA40081422E /* ImageScrollView.swift */; };
		002CE2AA22E9FCA50081422E /* segmentedVCforFakeOriginal.swift in Sources */ = {isa = PBXBuildFile; fileRef = 002CE28022E9FCA40081422E /* segmentedVCforFakeOriginal.swift */; };
		002CE2AB22E9FCA50081422E /* PhotoViewController.swift in Sources */ = {isa = PBXBuildFile; fileRef = 002CE28122E9FCA40081422E /* PhotoViewController.swift */; };
		002CE2AC22E9FCA50081422E /* BlurViewController.swift in Sources */ = {isa = PBXBuildFile; fileRef = 002CE28322E9FCA40081422E /* BlurViewController.swift */; };
		002CE2AD22E9FCA50081422E /* ImageProcessorsViewController.swift in Sources */ = {isa = PBXBuildFile; fileRef = 002CE28422E9FCA40081422E /* ImageProcessorsViewController.swift */; };
		002CE2AE22E9FCA50081422E /* CollectionViewCell.swift in Sources */ = {isa = PBXBuildFile; fileRef = 002CE28522E9FCA40081422E /* CollectionViewCell.swift */; };
		002CE2AF22E9FCA50081422E /* ModelService.swift in Sources */ = {isa = PBXBuildFile; fileRef = 002CE28622E9FCA40081422E /* ModelService.swift */; };
		002CE2B022E9FCA50081422E /* LaunchScreen.strings in Resources */ = {isa = PBXBuildFile; fileRef = 002CE28822E9FCA40081422E /* LaunchScreen.strings */; };
		002CE2B122E9FCA50081422E /* Main.strings in Resources */ = {isa = PBXBuildFile; fileRef = 002CE28A22E9FCA40081422E /* Main.strings */; };
		002CE2B222E9FCA50081422E /* Chapters.storyboard in Resources */ = {isa = PBXBuildFile; fileRef = 002CE29022E9FCA40081422E /* Chapters.storyboard */; };
		002CE2B322E9FCA50081422E /* gallery.storyboard in Resources */ = {isa = PBXBuildFile; fileRef = 002CE29522E9FCA40081422E /* gallery.storyboard */; };
		002CE2B422E9FCA50081422E /* LaunchScreen.storyboard in Resources */ = {isa = PBXBuildFile; fileRef = 002CE29622E9FCA40081422E /* LaunchScreen.storyboard */; };
		002CE2B522E9FCA50081422E /* Main.storyboard in Resources */ = {isa = PBXBuildFile; fileRef = 002CE29822E9FCA40081422E /* Main.storyboard */; };
		002CE2B622E9FCA50081422E /* Auth.storyboard in Resources */ = {isa = PBXBuildFile; fileRef = 002CE29A22E9FCA40081422E /* Auth.storyboard */; };
		002CE2B722E9FCA50081422E /* ScreenDesigner.storyboard in Resources */ = {isa = PBXBuildFile; fileRef = 002CE29B22E9FCA40081422E /* ScreenDesigner.storyboard */; };
		002CE2BC22E9FCBF0081422E /* ic_menu@3x.png in Resources */ = {isa = PBXBuildFile; fileRef = 002CE2B922E9FCBE0081422E /* ic_menu@3x.png */; };
		002CE2BD22E9FCBF0081422E /* GuillotineMenuTransitionAnimation.swift in Sources */ = {isa = PBXBuildFile; fileRef = 002CE2BA22E9FCBE0081422E /* GuillotineMenuTransitionAnimation.swift */; };
		002CE2BE22E9FCBF0081422E /* MenuViewController.swift in Sources */ = {isa = PBXBuildFile; fileRef = 002CE2BB22E9FCBE0081422E /* MenuViewController.swift */; };
		002CE2C922E9FCF80081422E /* ImagesVC.swift in Sources */ = {isa = PBXBuildFile; fileRef = 002CE2C022E9FCF80081422E /* ImagesVC.swift */; };
		002CE2CA22E9FCF80081422E /* Quote.swift in Sources */ = {isa = PBXBuildFile; fileRef = 002CE2C122E9FCF80081422E /* Quote.swift */; };
		002CE2CB22E9FCF80081422E /* WebVC.swift in Sources */ = {isa = PBXBuildFile; fileRef = 002CE2C222E9FCF80081422E /* WebVC.swift */; };
		002CE2CC22E9FCF80081422E /* lessonsViewController.swift in Sources */ = {isa = PBXBuildFile; fileRef = 002CE2C322E9FCF80081422E /* lessonsViewController.swift */; };
		002CE2CD22E9FCF80081422E /* QuoteViewController.swift in Sources */ = {isa = PBXBuildFile; fileRef = 002CE2C422E9FCF80081422E /* QuoteViewController.swift */; };
		002CE2CE22E9FCF80081422E /* TopicsViewController.swift in Sources */ = {isa = PBXBuildFile; fileRef = 002CE2C522E9FCF80081422E /* TopicsViewController.swift */; };
		002CE2CF22E9FCF80081422E /* SubLessonsVC.swift in Sources */ = {isa = PBXBuildFile; fileRef = 002CE2C622E9FCF80081422E /* SubLessonsVC.swift */; };
		002CE2D022E9FCF80081422E /* LanguageViewController.swift in Sources */ = {isa = PBXBuildFile; fileRef = 002CE2C722E9FCF80081422E /* LanguageViewController.swift */; };
		002CE2D122E9FCF80081422E /* QuoteDeck.swift in Sources */ = {isa = PBXBuildFile; fileRef = 002CE2C822E9FCF80081422E /* QuoteDeck.swift */; };
		002F29C322D49565000D64CF /* LaunchScreenVC.swift in Sources */ = {isa = PBXBuildFile; fileRef = 002F29C222D49565000D64CF /* LaunchScreenVC.swift */; };
		006A119E22B9046000237B3F /* Assets.xcassets in Resources */ = {isa = PBXBuildFile; fileRef = 006A119D22B9046000237B3F /* Assets.xcassets */; };
		006A11B122B9064700237B3F /* AppDelegate.swift in Sources */ = {isa = PBXBuildFile; fileRef = 006A11A922B9064600237B3F /* AppDelegate.swift */; };
		006A11B222B9064700237B3F /* StartViewController.swift in Sources */ = {isa = PBXBuildFile; fileRef = 006A11AA22B9064600237B3F /* StartViewController.swift */; };
		006A11B322B9064700237B3F /* HomeViewController.swift in Sources */ = {isa = PBXBuildFile; fileRef = 006A11AB22B9064600237B3F /* HomeViewController.swift */; };
		006A11B622B9064700237B3F /* SignUpViewController.swift in Sources */ = {isa = PBXBuildFile; fileRef = 006A11AE22B9064700237B3F /* SignUpViewController.swift */; };
		006A11B722B9064700237B3F /* LoginViewController.swift in Sources */ = {isa = PBXBuildFile; fileRef = 006A11AF22B9064700237B3F /* LoginViewController.swift */; };
		9D6F920622CF7D4C00DE4242 /* WebKit.framework in Frameworks */ = {isa = PBXBuildFile; fileRef = 9D6F920522CF7D4C00DE4242 /* WebKit.framework */; };
		9D84D5C022D2044A004E0025 /* CredentialsEdit.swift in Sources */ = {isa = PBXBuildFile; fileRef = 9D84D5BF22D2044A004E0025 /* CredentialsEdit.swift */; };
		CFD2EDFF30EE0580E3816510 /* Pods_iMediaProto.framework in Frameworks */ = {isa = PBXBuildFile; fileRef = 1B171EC98ED4EF4608FDA3C2 /* Pods_iMediaProto.framework */; };
/* End PBXBuildFile section */

/* Begin PBXFileReference section */
		000E0D1F22C498FE0080DFC7 /* ModelStructures.swift */ = {isa = PBXFileReference; lastKnownFileType = sourcecode.swift; path = ModelStructures.swift; sourceTree = "<group>"; };
		000E0D2122C4C6300080DFC7 /* Extensions.swift */ = {isa = PBXFileReference; lastKnownFileType = sourcecode.swift; path = Extensions.swift; sourceTree = "<group>"; };
		001BCF6322C0DEF300419E00 /* PasswordRecovery.swift */ = {isa = PBXFileReference; lastKnownFileType = sourcecode.swift; path = PasswordRecovery.swift; sourceTree = "<group>"; };
		0023A28722C1F28D007BEB2D /* en */ = {isa = PBXFileReference; lastKnownFileType = text.plist.strings; name = en; path = en.lproj/Localizable.strings; sourceTree = "<group>"; };
		0023A28922C1F2D2007BEB2D /* de */ = {isa = PBXFileReference; lastKnownFileType = text.plist.strings; name = de; path = de.lproj/Localizable.strings; sourceTree = "<group>"; };
		0023A28A22C1F2DA007BEB2D /* tr */ = {isa = PBXFileReference; lastKnownFileType = text.plist.strings; name = tr; path = tr.lproj/Localizable.strings; sourceTree = "<group>"; };
		0023A28C22C1F2DD007BEB2D /* es */ = {isa = PBXFileReference; lastKnownFileType = text.plist.strings; name = es; path = es.lproj/Localizable.strings; sourceTree = "<group>"; };
		0023A28D22C1F2DE007BEB2D /* ru */ = {isa = PBXFileReference; lastKnownFileType = text.plist.strings; name = ru; path = ru.lproj/Localizable.strings; sourceTree = "<group>"; };
		0023A28E22C1F2DF007BEB2D /* hi */ = {isa = PBXFileReference; lastKnownFileType = text.plist.strings; name = hi; path = hi.lproj/Localizable.strings; sourceTree = "<group>"; };
		0023A28F22C1F2E0007BEB2D /* fa-IR */ = {isa = PBXFileReference; lastKnownFileType = text.plist.strings; name = "fa-IR"; path = "fa-IR.lproj/Localizable.strings"; sourceTree = "<group>"; };
		0023A29222C1F91D007BEB2D /* zh-Hans */ = {isa = PBXFileReference; lastKnownFileType = text.plist.strings; name = "zh-Hans"; path = "zh-Hans.lproj/Localizable.strings"; sourceTree = "<group>"; };
		0023A29322C24305007BEB2D /* ar */ = {isa = PBXFileReference; lastKnownFileType = text.plist.strings; name = ar; path = ar.lproj/Localizable.strings; sourceTree = "<group>"; };
		002CE26C22E9FB520081422E /* serverInfo.swift */ = {isa = PBXFileReference; fileEncoding = 4; lastKnownFileType = sourcecode.swift; path = serverInfo.swift; sourceTree = "<group>"; };
		002CE26F22E9FC640081422E /* QRScannerView.swift */ = {isa = PBXFileReference; fileEncoding = 4; lastKnownFileType = sourcecode.swift; path = QRScannerView.swift; sourceTree = "<group>"; };
		002CE27022E9FC640081422E /* DetailViewController.swift */ = {isa = PBXFileReference; fileEncoding = 4; lastKnownFileType = sourcecode.swift; path = DetailViewController.swift; sourceTree = "<group>"; };
		002CE27122E9FC640081422E /* QRData.swift */ = {isa = PBXFileReference; fileEncoding = 4; lastKnownFileType = sourcecode.swift; path = QRData.swift; sourceTree = "<group>"; };
		002CE27222E9FC640081422E /* QRScannerViewController.swift */ = {isa = PBXFileReference; fileEncoding = 4; lastKnownFileType = sourcecode.swift; path = QRScannerViewController.swift; sourceTree = "<group>"; };
		002CE27322E9FC640081422E /* CopyLabel.swift */ = {isa = PBXFileReference; fileEncoding = 4; lastKnownFileType = sourcecode.swift; path = CopyLabel.swift; sourceTree = "<group>"; };
		002CE27A22E9FCA40081422E /* PhotoCell.swift */ = {isa = PBXFileReference; fileEncoding = 4; lastKnownFileType = sourcecode.swift; path = PhotoCell.swift; sourceTree = "<group>"; };
		002CE27B22E9FCA40081422E /* SortedTableVC.swift */ = {isa = PBXFileReference; fileEncoding = 4; lastKnownFileType = sourcecode.swift; path = SortedTableVC.swift; sourceTree = "<group>"; };
		002CE27C22E9FCA40081422E /* AssociatedPhotos.swift */ = {isa = PBXFileReference; fileEncoding = 4; lastKnownFileType = sourcecode.swift; path = AssociatedPhotos.swift; sourceTree = "<group>"; };
		002CE27D22E9FCA40081422E /* ZoomedPhotoViewController.swift */ = {isa = PBXFileReference; fileEncoding = 4; lastKnownFileType = sourcecode.swift; path = ZoomedPhotoViewController.swift; sourceTree = "<group>"; };
		002CE27E22E9FCA40081422E /* UIImage.swift */ = {isa = PBXFileReference; fileEncoding = 4; lastKnownFileType = sourcecode.swift; path = UIImage.swift; sourceTree = "<group>"; };
		002CE27F22E9FCA40081422E /* ImageScrollView.swift */ = {isa = PBXFileReference; fileEncoding = 4; lastKnownFileType = sourcecode.swift; path = ImageScrollView.swift; sourceTree = "<group>"; };
		002CE28022E9FCA40081422E /* segmentedVCforFakeOriginal.swift */ = {isa = PBXFileReference; fileEncoding = 4; lastKnownFileType = sourcecode.swift; path = segmentedVCforFakeOriginal.swift; sourceTree = "<group>"; };
		002CE28122E9FCA40081422E /* PhotoViewController.swift */ = {isa = PBXFileReference; fileEncoding = 4; lastKnownFileType = sourcecode.swift; path = PhotoViewController.swift; sourceTree = "<group>"; };
		002CE28322E9FCA40081422E /* BlurViewController.swift */ = {isa = PBXFileReference; fileEncoding = 4; lastKnownFileType = sourcecode.swift; path = BlurViewController.swift; sourceTree = "<group>"; };
		002CE28422E9FCA40081422E /* ImageProcessorsViewController.swift */ = {isa = PBXFileReference; fileEncoding = 4; lastKnownFileType = sourcecode.swift; path = ImageProcessorsViewController.swift; sourceTree = "<group>"; };
		002CE28522E9FCA40081422E /* CollectionViewCell.swift */ = {isa = PBXFileReference; fileEncoding = 4; lastKnownFileType = sourcecode.swift; path = CollectionViewCell.swift; sourceTree = "<group>"; };
		002CE28622E9FCA40081422E /* ModelService.swift */ = {isa = PBXFileReference; fileEncoding = 4; lastKnownFileType = sourcecode.swift; path = ModelService.swift; sourceTree = "<group>"; };
		002CE28922E9FCA40081422E /* de */ = {isa = PBXFileReference; lastKnownFileType = text.plist.strings; name = de; path = de.lproj/LaunchScreen.strings; sourceTree = "<group>"; };
		002CE28B22E9FCA40081422E /* de */ = {isa = PBXFileReference; lastKnownFileType = text.plist.strings; name = de; path = de.lproj/Main.strings; sourceTree = "<group>"; };
		002CE28C22E9FCA40081422E /* ar */ = {isa = PBXFileReference; lastKnownFileType = text.plist.strings; name = ar; path = ar.lproj/LaunchScreen.strings; sourceTree = "<group>"; };
		002CE28D22E9FCA40081422E /* ar */ = {isa = PBXFileReference; lastKnownFileType = text.plist.strings; name = ar; path = ar.lproj/Main.strings; sourceTree = "<group>"; };
		002CE28E22E9FCA40081422E /* zh-Hans */ = {isa = PBXFileReference; lastKnownFileType = text.plist.strings; name = "zh-Hans"; path = "zh-Hans.lproj/LaunchScreen.strings"; sourceTree = "<group>"; };
		002CE28F22E9FCA40081422E /* zh-Hans */ = {isa = PBXFileReference; lastKnownFileType = text.plist.strings; name = "zh-Hans"; path = "zh-Hans.lproj/Main.strings"; sourceTree = "<group>"; };
		002CE29022E9FCA40081422E /* Chapters.storyboard */ = {isa = PBXFileReference; fileEncoding = 4; lastKnownFileType = file.storyboard; path = Chapters.storyboard; sourceTree = "<group>"; };
		002CE29122E9FCA40081422E /* en */ = {isa = PBXFileReference; lastKnownFileType = text.plist.strings; name = en; path = en.lproj/LaunchScreen.strings; sourceTree = "<group>"; };
		002CE29222E9FCA40081422E /* en */ = {isa = PBXFileReference; lastKnownFileType = text.plist.strings; name = en; path = en.lproj/Main.strings; sourceTree = "<group>"; };
		002CE29322E9FCA40081422E /* es */ = {isa = PBXFileReference; lastKnownFileType = text.plist.strings; name = es; path = es.lproj/LaunchScreen.strings; sourceTree = "<group>"; };
		002CE29422E9FCA40081422E /* es */ = {isa = PBXFileReference; lastKnownFileType = text.plist.strings; name = es; path = es.lproj/Main.strings; sourceTree = "<group>"; };
		002CE29522E9FCA40081422E /* gallery.storyboard */ = {isa = PBXFileReference; fileEncoding = 4; lastKnownFileType = file.storyboard; path = gallery.storyboard; sourceTree = "<group>"; };
		002CE29722E9FCA40081422E /* Base */ = {isa = PBXFileReference; lastKnownFileType = file.storyboard; name = Base; path = Base.lproj/LaunchScreen.storyboard; sourceTree = "<group>"; };
		002CE29922E9FCA40081422E /* Base */ = {isa = PBXFileReference; lastKnownFileType = file.storyboard; name = Base; path = Base.lproj/Main.storyboard; sourceTree = "<group>"; };
		002CE29A22E9FCA40081422E /* Auth.storyboard */ = {isa = PBXFileReference; fileEncoding = 4; lastKnownFileType = file.storyboard; path = Auth.storyboard; sourceTree = "<group>"; };
		002CE29B22E9FCA40081422E /* ScreenDesigner.storyboard */ = {isa = PBXFileReference; fileEncoding = 4; lastKnownFileType = file.storyboard; path = ScreenDesigner.storyboard; sourceTree = "<group>"; };
		002CE29C22E9FCA40081422E /* fa-IR */ = {isa = PBXFileReference; lastKnownFileType = text.plist.strings; name = "fa-IR"; path = "fa-IR.lproj/LaunchScreen.strings"; sourceTree = "<group>"; };
		002CE29D22E9FCA40081422E /* fa-IR */ = {isa = PBXFileReference; lastKnownFileType = text.plist.strings; name = "fa-IR"; path = "fa-IR.lproj/Main.strings"; sourceTree = "<group>"; };
		002CE29E22E9FCA40081422E /* tr */ = {isa = PBXFileReference; lastKnownFileType = text.plist.strings; name = tr; path = tr.lproj/LaunchScreen.strings; sourceTree = "<group>"; };
		002CE29F22E9FCA40081422E /* tr */ = {isa = PBXFileReference; lastKnownFileType = text.plist.strings; name = tr; path = tr.lproj/Main.strings; sourceTree = "<group>"; };
		002CE2A022E9FCA40081422E /* ru */ = {isa = PBXFileReference; lastKnownFileType = text.plist.strings; name = ru; path = ru.lproj/LaunchScreen.strings; sourceTree = "<group>"; };
		002CE2A122E9FCA40081422E /* ru */ = {isa = PBXFileReference; lastKnownFileType = text.plist.strings; name = ru; path = ru.lproj/Main.strings; sourceTree = "<group>"; };
		002CE2A222E9FCA40081422E /* hi */ = {isa = PBXFileReference; lastKnownFileType = text.plist.strings; name = hi; path = hi.lproj/LaunchScreen.strings; sourceTree = "<group>"; };
		002CE2A322E9FCA40081422E /* hi */ = {isa = PBXFileReference; lastKnownFileType = text.plist.strings; name = hi; path = hi.lproj/Main.strings; sourceTree = "<group>"; };
		002CE2B922E9FCBE0081422E /* ic_menu@3x.png */ = {isa = PBXFileReference; lastKnownFileType = image.png; path = "ic_menu@3x.png"; sourceTree = "<group>"; };
		002CE2BA22E9FCBE0081422E /* GuillotineMenuTransitionAnimation.swift */ = {isa = PBXFileReference; fileEncoding = 4; lastKnownFileType = sourcecode.swift; path = GuillotineMenuTransitionAnimation.swift; sourceTree = "<group>"; };
		002CE2BB22E9FCBE0081422E /* MenuViewController.swift */ = {isa = PBXFileReference; fileEncoding = 4; lastKnownFileType = sourcecode.swift; path = MenuViewController.swift; sourceTree = "<group>"; };
		002CE2C022E9FCF80081422E /* ImagesVC.swift */ = {isa = PBXFileReference; fileEncoding = 4; lastKnownFileType = sourcecode.swift; path = ImagesVC.swift; sourceTree = "<group>"; };
		002CE2C122E9FCF80081422E /* Quote.swift */ = {isa = PBXFileReference; fileEncoding = 4; lastKnownFileType = sourcecode.swift; path = Quote.swift; sourceTree = "<group>"; };
		002CE2C222E9FCF80081422E /* WebVC.swift */ = {isa = PBXFileReference; fileEncoding = 4; lastKnownFileType = sourcecode.swift; path = WebVC.swift; sourceTree = "<group>"; };
		002CE2C322E9FCF80081422E /* lessonsViewController.swift */ = {isa = PBXFileReference; fileEncoding = 4; lastKnownFileType = sourcecode.swift; path = lessonsViewController.swift; sourceTree = "<group>"; };
		002CE2C422E9FCF80081422E /* QuoteViewController.swift */ = {isa = PBXFileReference; fileEncoding = 4; lastKnownFileType = sourcecode.swift; path = QuoteViewController.swift; sourceTree = "<group>"; };
		002CE2C522E9FCF80081422E /* TopicsViewController.swift */ = {isa = PBXFileReference; fileEncoding = 4; lastKnownFileType = sourcecode.swift; path = TopicsViewController.swift; sourceTree = "<group>"; };
		002CE2C622E9FCF80081422E /* SubLessonsVC.swift */ = {isa = PBXFileReference; fileEncoding = 4; lastKnownFileType = sourcecode.swift; path = SubLessonsVC.swift; sourceTree = "<group>"; };
		002CE2C722E9FCF80081422E /* LanguageViewController.swift */ = {isa = PBXFileReference; fileEncoding = 4; lastKnownFileType = sourcecode.swift; path = LanguageViewController.swift; sourceTree = "<group>"; };
		002CE2C822E9FCF80081422E /* QuoteDeck.swift */ = {isa = PBXFileReference; fileEncoding = 4; lastKnownFileType = sourcecode.swift; path = QuoteDeck.swift; sourceTree = "<group>"; };
		002F29C222D49565000D64CF /* LaunchScreenVC.swift */ = {isa = PBXFileReference; lastKnownFileType = sourcecode.swift; path = LaunchScreenVC.swift; sourceTree = "<group>"; };
		006A119322B9045D00237B3F /* iMediaProto.app */ = {isa = PBXFileReference; explicitFileType = wrapper.application; includeInIndex = 0; path = iMediaProto.app; sourceTree = BUILT_PRODUCTS_DIR; };
		006A119D22B9046000237B3F /* Assets.xcassets */ = {isa = PBXFileReference; lastKnownFileType = folder.assetcatalog; path = Assets.xcassets; sourceTree = "<group>"; };
		006A11A822B9064600237B3F /* iMediaProto-Bridging-Header.h */ = {isa = PBXFileReference; lastKnownFileType = sourcecode.c.h; path = "iMediaProto-Bridging-Header.h"; sourceTree = "<group>"; };
		006A11A922B9064600237B3F /* AppDelegate.swift */ = {isa = PBXFileReference; fileEncoding = 4; lastKnownFileType = sourcecode.swift; path = AppDelegate.swift; sourceTree = "<group>"; };
		006A11AA22B9064600237B3F /* StartViewController.swift */ = {isa = PBXFileReference; fileEncoding = 4; lastKnownFileType = sourcecode.swift; path = StartViewController.swift; sourceTree = "<group>"; };
		006A11AB22B9064600237B3F /* HomeViewController.swift */ = {isa = PBXFileReference; fileEncoding = 4; lastKnownFileType = sourcecode.swift; path = HomeViewController.swift; sourceTree = "<group>"; };
		006A11AE22B9064700237B3F /* SignUpViewController.swift */ = {isa = PBXFileReference; fileEncoding = 4; lastKnownFileType = sourcecode.swift; path = SignUpViewController.swift; sourceTree = "<group>"; };
		006A11AF22B9064700237B3F /* LoginViewController.swift */ = {isa = PBXFileReference; fileEncoding = 4; lastKnownFileType = sourcecode.swift; path = LoginViewController.swift; sourceTree = "<group>"; };
		006A11B022B9064700237B3F /* Info.plist */ = {isa = PBXFileReference; fileEncoding = 4; lastKnownFileType = text.plist.xml; path = Info.plist; sourceTree = "<group>"; };
		1B171EC98ED4EF4608FDA3C2 /* Pods_iMediaProto.framework */ = {isa = PBXFileReference; explicitFileType = wrapper.framework; includeInIndex = 0; path = Pods_iMediaProto.framework; sourceTree = BUILT_PRODUCTS_DIR; };
		57D1450351C40EA655DD081A /* Pods-iMediaProto.debug.xcconfig */ = {isa = PBXFileReference; includeInIndex = 1; lastKnownFileType = text.xcconfig; name = "Pods-iMediaProto.debug.xcconfig"; path = "Target Support Files/Pods-iMediaProto/Pods-iMediaProto.debug.xcconfig"; sourceTree = "<group>"; };
		713684BDB13589D530C338F1 /* Pods-iMediaProto.release.xcconfig */ = {isa = PBXFileReference; includeInIndex = 1; lastKnownFileType = text.xcconfig; name = "Pods-iMediaProto.release.xcconfig"; path = "Target Support Files/Pods-iMediaProto/Pods-iMediaProto.release.xcconfig"; sourceTree = "<group>"; };
		9D6F920522CF7D4C00DE4242 /* WebKit.framework */ = {isa = PBXFileReference; lastKnownFileType = wrapper.framework; name = WebKit.framework; path = System/Library/Frameworks/WebKit.framework; sourceTree = SDKROOT; };
		9D84D5BF22D2044A004E0025 /* CredentialsEdit.swift */ = {isa = PBXFileReference; lastKnownFileType = sourcecode.swift; path = CredentialsEdit.swift; sourceTree = "<group>"; };
/* End PBXFileReference section */

/* Begin PBXFrameworksBuildPhase section */
		006A119022B9045D00237B3F /* Frameworks */ = {
			isa = PBXFrameworksBuildPhase;
			buildActionMask = 2147483647;
			files = (
				9D6F920622CF7D4C00DE4242 /* WebKit.framework in Frameworks */,
				CFD2EDFF30EE0580E3816510 /* Pods_iMediaProto.framework in Frameworks */,
			);
			runOnlyForDeploymentPostprocessing = 0;
		};
/* End PBXFrameworksBuildPhase section */

/* Begin PBXGroup section */
		002CE26E22E9FC640081422E /* QRScanner */ = {
			isa = PBXGroup;
			children = (
				002CE26F22E9FC640081422E /* QRScannerView.swift */,
				002CE27022E9FC640081422E /* DetailViewController.swift */,
				002CE27122E9FC640081422E /* QRData.swift */,
				002CE27222E9FC640081422E /* QRScannerViewController.swift */,
				002CE27322E9FC640081422E /* CopyLabel.swift */,
			);
			path = QRScanner;
			sourceTree = "<group>";
		};
		002CE27922E9FCA40081422E /* NewGallery */ = {
			isa = PBXGroup;
			children = (
				002CE27A22E9FCA40081422E /* PhotoCell.swift */,
				002CE27B22E9FCA40081422E /* SortedTableVC.swift */,
				002CE27C22E9FCA40081422E /* AssociatedPhotos.swift */,
				002CE27D22E9FCA40081422E /* ZoomedPhotoViewController.swift */,
				002CE27E22E9FCA40081422E /* UIImage.swift */,
				002CE27F22E9FCA40081422E /* ImageScrollView.swift */,
				002CE28022E9FCA40081422E /* segmentedVCforFakeOriginal.swift */,
				002CE28122E9FCA40081422E /* PhotoViewController.swift */,
			);
			path = NewGallery;
			sourceTree = "<group>";
		};
		002CE28222E9FCA40081422E /* Gallery */ = {
			isa = PBXGroup;
			children = (
				002CE28322E9FCA40081422E /* BlurViewController.swift */,
				002CE28422E9FCA40081422E /* ImageProcessorsViewController.swift */,
				002CE28522E9FCA40081422E /* CollectionViewCell.swift */,
				002CE28622E9FCA40081422E /* ModelService.swift */,
			);
			path = Gallery;
			sourceTree = "<group>";
		};
		002CE28722E9FCA40081422E /* UI */ = {
			isa = PBXGroup;
			children = (
				002CE28822E9FCA40081422E /* LaunchScreen.strings */,
				002CE28A22E9FCA40081422E /* Main.strings */,
				002CE29022E9FCA40081422E /* Chapters.storyboard */,
				002CE29522E9FCA40081422E /* gallery.storyboard */,
				002CE29622E9FCA40081422E /* LaunchScreen.storyboard */,
				002CE29822E9FCA40081422E /* Main.storyboard */,
				002CE29A22E9FCA40081422E /* Auth.storyboard */,
				002CE29B22E9FCA40081422E /* ScreenDesigner.storyboard */,
			);
			name = UI;
			path = ../../../Downloads/myApp/iMediaProto/UI;
			sourceTree = "<group>";
		};
		002CE2B822E9FCBE0081422E /* GuillotineMenu */ = {
			isa = PBXGroup;
			children = (
				002CE2B922E9FCBE0081422E /* ic_menu@3x.png */,
				002CE2BA22E9FCBE0081422E /* GuillotineMenuTransitionAnimation.swift */,
				002CE2BB22E9FCBE0081422E /* MenuViewController.swift */,
			);
			path = GuillotineMenu;
			sourceTree = "<group>";
		};
		002CE2BF22E9FCF80081422E /* chapters */ = {
			isa = PBXGroup;
			children = (
				002CE2C022E9FCF80081422E /* ImagesVC.swift */,
				002CE2C122E9FCF80081422E /* Quote.swift */,
				002CE2C222E9FCF80081422E /* WebVC.swift */,
				002CE2C322E9FCF80081422E /* lessonsViewController.swift */,
				002CE2C422E9FCF80081422E /* QuoteViewController.swift */,
				002CE2C522E9FCF80081422E /* TopicsViewController.swift */,
				002CE2C622E9FCF80081422E /* SubLessonsVC.swift */,
				002CE2C722E9FCF80081422E /* LanguageViewController.swift */,
				002CE2C822E9FCF80081422E /* QuoteDeck.swift */,
			);
			path = chapters;
			sourceTree = "<group>";
		};
		006A118A22B9045D00237B3F = {
			isa = PBXGroup;
			children = (
				006A119522B9045D00237B3F /* iMediaProto */,
				006A119422B9045D00237B3F /* Products */,
				D3CD201DA900D887D33F3FAD /* Pods */,
				B3892F1FEFC9543C5DA3AFB8 /* Frameworks */,
			);
			sourceTree = "<group>";
		};
		006A119422B9045D00237B3F /* Products */ = {
			isa = PBXGroup;
			children = (
				006A119322B9045D00237B3F /* iMediaProto.app */,
			);
			name = Products;
			sourceTree = "<group>";
		};
		006A119522B9045D00237B3F /* iMediaProto */ = {
			isa = PBXGroup;
			children = (
				002CE2BF22E9FCF80081422E /* chapters */,
				002CE2B822E9FCBE0081422E /* GuillotineMenu */,
				002CE28222E9FCA40081422E /* Gallery */,
				002CE27922E9FCA40081422E /* NewGallery */,
				002CE28722E9FCA40081422E /* UI */,
				002CE26E22E9FC640081422E /* QRScanner */,
				9D9E3E1E22D636E000EDD50A /* gitIgnore */,
				006A11A922B9064600237B3F /* AppDelegate.swift */,
				006A11AB22B9064600237B3F /* HomeViewController.swift */,
				006A11B022B9064700237B3F /* Info.plist */,
				006A11AF22B9064700237B3F /* LoginViewController.swift */,
				006A11AE22B9064700237B3F /* SignUpViewController.swift */,
				006A11AA22B9064600237B3F /* StartViewController.swift */,
				006A119D22B9046000237B3F /* Assets.xcassets */,
				006A11A822B9064600237B3F /* iMediaProto-Bridging-Header.h */,
				001BCF6322C0DEF300419E00 /* PasswordRecovery.swift */,
				0023A28822C1F28D007BEB2D /* Localizable.strings */,
				000E0D1F22C498FE0080DFC7 /* ModelStructures.swift */,
				000E0D2122C4C6300080DFC7 /* Extensions.swift */,
				9D84D5BF22D2044A004E0025 /* CredentialsEdit.swift */,
				002F29C222D49565000D64CF /* LaunchScreenVC.swift */,
			);
			path = iMediaProto;
			sourceTree = "<group>";
		};
		9D9E3E1E22D636E000EDD50A /* gitIgnore */ = {
			isa = PBXGroup;
			children = (
				002CE26C22E9FB520081422E /* serverInfo.swift */,
			);
			path = gitIgnore;
			sourceTree = "<group>";
		};
		B3892F1FEFC9543C5DA3AFB8 /* Frameworks */ = {
			isa = PBXGroup;
			children = (
				9D6F920522CF7D4C00DE4242 /* WebKit.framework */,
				1B171EC98ED4EF4608FDA3C2 /* Pods_iMediaProto.framework */,
			);
			name = Frameworks;
			sourceTree = "<group>";
		};
		D3CD201DA900D887D33F3FAD /* Pods */ = {
			isa = PBXGroup;
			children = (
				57D1450351C40EA655DD081A /* Pods-iMediaProto.debug.xcconfig */,
				713684BDB13589D530C338F1 /* Pods-iMediaProto.release.xcconfig */,
			);
			path = Pods;
			sourceTree = "<group>";
		};
/* End PBXGroup section */

/* Begin PBXNativeTarget section */
		006A119222B9045D00237B3F /* iMediaProto */ = {
			isa = PBXNativeTarget;
			buildConfigurationList = 006A11A522B9046000237B3F /* Build configuration list for PBXNativeTarget "iMediaProto" */;
			buildPhases = (
				6D8C339D83BC8E53E4DC1B72 /* [CP] Check Pods Manifest.lock */,
				006A118F22B9045D00237B3F /* Sources */,
				006A119022B9045D00237B3F /* Frameworks */,
				006A119122B9045D00237B3F /* Resources */,
				EA6E452535FA2127447AEF2F /* [CP] Embed Pods Frameworks */,
			);
			buildRules = (
			);
			dependencies = (
			);
			name = iMediaProto;
			productName = iMediaProto;
			productReference = 006A119322B9045D00237B3F /* iMediaProto.app */;
			productType = "com.apple.product-type.application";
		};
/* End PBXNativeTarget section */

/* Begin PBXProject section */
		006A118B22B9045D00237B3F /* Project object */ = {
			isa = PBXProject;
			attributes = {
				LastSwiftUpdateCheck = 1020;
				LastUpgradeCheck = 1020;
				ORGANIZATIONNAME = a;
				TargetAttributes = {
					006A119222B9045D00237B3F = {
						CreatedOnToolsVersion = 10.2.1;
						LastSwiftMigration = 1020;
					};
				};
			};
			buildConfigurationList = 006A118E22B9045D00237B3F /* Build configuration list for PBXProject "iMediaProto" */;
			compatibilityVersion = "Xcode 9.3";
			developmentRegion = en;
			hasScannedForEncodings = 0;
			knownRegions = (
				Base,
				en,
				de,
				tr,
				ar,
				es,
				ru,
				hi,
				"fa-IR",
				"zh-Hans",
			);
			mainGroup = 006A118A22B9045D00237B3F;
			productRefGroup = 006A119422B9045D00237B3F /* Products */;
			projectDirPath = "";
			projectRoot = "";
			targets = (
				006A119222B9045D00237B3F /* iMediaProto */,
			);
		};
/* End PBXProject section */

/* Begin PBXResourcesBuildPhase section */
		006A119122B9045D00237B3F /* Resources */ = {
			isa = PBXResourcesBuildPhase;
			buildActionMask = 2147483647;
			files = (
				0023A28622C1F28D007BEB2D /* Localizable.strings in Resources */,
				002CE2B422E9FCA50081422E /* LaunchScreen.storyboard in Resources */,
				002CE2B622E9FCA50081422E /* Auth.storyboard in Resources */,
				006A119E22B9046000237B3F /* Assets.xcassets in Resources */,
				002CE2B322E9FCA50081422E /* gallery.storyboard in Resources */,
				002CE2B222E9FCA50081422E /* Chapters.storyboard in Resources */,
				002CE2BC22E9FCBF0081422E /* ic_menu@3x.png in Resources */,
				002CE2B522E9FCA50081422E /* Main.storyboard in Resources */,
				002CE2B022E9FCA50081422E /* LaunchScreen.strings in Resources */,
				002CE2B722E9FCA50081422E /* ScreenDesigner.storyboard in Resources */,
				002CE2B122E9FCA50081422E /* Main.strings in Resources */,
			);
			runOnlyForDeploymentPostprocessing = 0;
		};
/* End PBXResourcesBuildPhase section */

/* Begin PBXShellScriptBuildPhase section */
		6D8C339D83BC8E53E4DC1B72 /* [CP] Check Pods Manifest.lock */ = {
			isa = PBXShellScriptBuildPhase;
			buildActionMask = 2147483647;
			files = (
			);
			inputFileListPaths = (
			);
			inputPaths = (
				"${PODS_PODFILE_DIR_PATH}/Podfile.lock",
				"${PODS_ROOT}/Manifest.lock",
			);
			name = "[CP] Check Pods Manifest.lock";
			outputFileListPaths = (
			);
			outputPaths = (
				"$(DERIVED_FILE_DIR)/Pods-iMediaProto-checkManifestLockResult.txt",
			);
			runOnlyForDeploymentPostprocessing = 0;
			shellPath = /bin/sh;
			shellScript = "diff \"${PODS_PODFILE_DIR_PATH}/Podfile.lock\" \"${PODS_ROOT}/Manifest.lock\" > /dev/null\nif [ $? != 0 ] ; then\n    # print error to STDERR\n    echo \"error: The sandbox is not in sync with the Podfile.lock. Run 'pod install' or update your CocoaPods installation.\" >&2\n    exit 1\nfi\n# This output is used by Xcode 'outputs' to avoid re-running this script phase.\necho \"SUCCESS\" > \"${SCRIPT_OUTPUT_FILE_0}\"\n";
			showEnvVarsInLog = 0;
		};
		EA6E452535FA2127447AEF2F /* [CP] Embed Pods Frameworks */ = {
			isa = PBXShellScriptBuildPhase;
			buildActionMask = 2147483647;
			files = (
			);
			inputFileListPaths = (
				"${PODS_ROOT}/Target Support Files/Pods-iMediaProto/Pods-iMediaProto-frameworks-${CONFIGURATION}-input-files.xcfilelist",
			);
			name = "[CP] Embed Pods Frameworks";
			outputFileListPaths = (
				"${PODS_ROOT}/Target Support Files/Pods-iMediaProto/Pods-iMediaProto-frameworks-${CONFIGURATION}-output-files.xcfilelist",
			);
			runOnlyForDeploymentPostprocessing = 0;
			shellPath = /bin/sh;
			shellScript = "\"${PODS_ROOT}/Target Support Files/Pods-iMediaProto/Pods-iMediaProto-frameworks.sh\"\n";
			showEnvVarsInLog = 0;
		};
/* End PBXShellScriptBuildPhase section */

/* Begin PBXSourcesBuildPhase section */
		006A118F22B9045D00237B3F /* Sources */ = {
			isa = PBXSourcesBuildPhase;
			buildActionMask = 2147483647;
			files = (
				006A11B722B9064700237B3F /* LoginViewController.swift in Sources */,
				002CE2A522E9FCA50081422E /* SortedTableVC.swift in Sources */,
				000E0D2222C4C6300080DFC7 /* Extensions.swift in Sources */,
				9D84D5C022D2044A004E0025 /* CredentialsEdit.swift in Sources */,
				002CE2AB22E9FCA50081422E /* PhotoViewController.swift in Sources */,
				002CE2AC22E9FCA50081422E /* BlurViewController.swift in Sources */,
				002CE2AE22E9FCA50081422E /* CollectionViewCell.swift in Sources */,
				002F29C322D49565000D64CF /* LaunchScreenVC.swift in Sources */,
				002CE2AD22E9FCA50081422E /* ImageProcessorsViewController.swift in Sources */,
				002CE2BD22E9FCBF0081422E /* GuillotineMenuTransitionAnimation.swift in Sources */,
				002CE2CA22E9FCF80081422E /* Quote.swift in Sources */,
				002CE27522E9FC640081422E /* DetailViewController.swift in Sources */,
				006A11B622B9064700237B3F /* SignUpViewController.swift in Sources */,
				002CE2CF22E9FCF80081422E /* SubLessonsVC.swift in Sources */,
				002CE27822E9FC640081422E /* CopyLabel.swift in Sources */,
				002CE2A822E9FCA50081422E /* UIImage.swift in Sources */,
				006A11B122B9064700237B3F /* AppDelegate.swift in Sources */,
				002CE2CE22E9FCF80081422E /* TopicsViewController.swift in Sources */,
				006A11B222B9064700237B3F /* StartViewController.swift in Sources */,
				002CE27622E9FC640081422E /* QRData.swift in Sources */,
				002CE2A722E9FCA50081422E /* ZoomedPhotoViewController.swift in Sources */,
				002CE2CB22E9FCF80081422E /* WebVC.swift in Sources */,
				002CE2D022E9FCF80081422E /* LanguageViewController.swift in Sources */,
				002CE2CD22E9FCF80081422E /* QuoteViewController.swift in Sources */,
				000E0D2022C498FE0080DFC7 /* ModelStructures.swift in Sources */,
				002CE2AA22E9FCA50081422E /* segmentedVCforFakeOriginal.swift in Sources */,
				001BCF6422C0DEF300419E00 /* PasswordRecovery.swift in Sources */,
				002CE27722E9FC640081422E /* QRScannerViewController.swift in Sources */,
				002CE26D22E9FB520081422E /* serverInfo.swift in Sources */,
				002CE2C922E9FCF80081422E /* ImagesVC.swift in Sources */,
				002CE2D122E9FCF80081422E /* QuoteDeck.swift in Sources */,
				002CE2BE22E9FCBF0081422E /* MenuViewController.swift in Sources */,
				002CE2A922E9FCA50081422E /* ImageScrollView.swift in Sources */,
				002CE27422E9FC640081422E /* QRScannerView.swift in Sources */,
				006A11B322B9064700237B3F /* HomeViewController.swift in Sources */,
				002CE2A422E9FCA50081422E /* PhotoCell.swift in Sources */,
				002CE2A622E9FCA50081422E /* AssociatedPhotos.swift in Sources */,
				002CE2CC22E9FCF80081422E /* lessonsViewController.swift in Sources */,
				002CE2AF22E9FCA50081422E /* ModelService.swift in Sources */,
			);
			runOnlyForDeploymentPostprocessing = 0;
		};
/* End PBXSourcesBuildPhase section */

/* Begin PBXVariantGroup section */
		0023A28822C1F28D007BEB2D /* Localizable.strings */ = {
			isa = PBXVariantGroup;
			children = (
				0023A28722C1F28D007BEB2D /* en */,
				0023A28922C1F2D2007BEB2D /* de */,
				0023A28A22C1F2DA007BEB2D /* tr */,
				0023A28C22C1F2DD007BEB2D /* es */,
				0023A28D22C1F2DE007BEB2D /* ru */,
				0023A28E22C1F2DF007BEB2D /* hi */,
				0023A28F22C1F2E0007BEB2D /* fa-IR */,
				0023A29222C1F91D007BEB2D /* zh-Hans */,
				0023A29322C24305007BEB2D /* ar */,
			);
			name = Localizable.strings;
			sourceTree = "<group>";
		};
		002CE28822E9FCA40081422E /* LaunchScreen.strings */ = {
			isa = PBXVariantGroup;
			children = (
				002CE28922E9FCA40081422E /* de */,
				002CE28C22E9FCA40081422E /* ar */,
				002CE28E22E9FCA40081422E /* zh-Hans */,
				002CE29122E9FCA40081422E /* en */,
				002CE29322E9FCA40081422E /* es */,
				002CE29C22E9FCA40081422E /* fa-IR */,
				002CE29E22E9FCA40081422E /* tr */,
				002CE2A022E9FCA40081422E /* ru */,
				002CE2A222E9FCA40081422E /* hi */,
			);
			name = LaunchScreen.strings;
			sourceTree = "<group>";
		};
		002CE28A22E9FCA40081422E /* Main.strings */ = {
			isa = PBXVariantGroup;
			children = (
				002CE28B22E9FCA40081422E /* de */,
				002CE28D22E9FCA40081422E /* ar */,
				002CE28F22E9FCA40081422E /* zh-Hans */,
				002CE29222E9FCA40081422E /* en */,
				002CE29422E9FCA40081422E /* es */,
				002CE29D22E9FCA40081422E /* fa-IR */,
				002CE29F22E9FCA40081422E /* tr */,
				002CE2A122E9FCA40081422E /* ru */,
				002CE2A322E9FCA40081422E /* hi */,
			);
			name = Main.strings;
			sourceTree = "<group>";
		};
		002CE29622E9FCA40081422E /* LaunchScreen.storyboard */ = {
			isa = PBXVariantGroup;
			children = (
				002CE29722E9FCA40081422E /* Base */,
			);
			name = LaunchScreen.storyboard;
			sourceTree = "<group>";
		};
		002CE29822E9FCA40081422E /* Main.storyboard */ = {
			isa = PBXVariantGroup;
			children = (
				002CE29922E9FCA40081422E /* Base */,
			);
			name = Main.storyboard;
			sourceTree = "<group>";
		};
/* End PBXVariantGroup section */

/* Begin XCBuildConfiguration section */
		006A11A322B9046000237B3F /* Debug */ = {
			isa = XCBuildConfiguration;
			buildSettings = {
				ALWAYS_SEARCH_USER_PATHS = NO;
				CLANG_ANALYZER_LOCALIZABILITY_NONLOCALIZED = YES;
				CLANG_ANALYZER_NONNULL = YES;
				CLANG_ANALYZER_NUMBER_OBJECT_CONVERSION = YES_AGGRESSIVE;
				CLANG_CXX_LANGUAGE_STANDARD = "gnu++14";
				CLANG_CXX_LIBRARY = "libc++";
				CLANG_ENABLE_MODULES = YES;
				CLANG_ENABLE_OBJC_ARC = YES;
				CLANG_ENABLE_OBJC_WEAK = YES;
				CLANG_WARN_BLOCK_CAPTURE_AUTORELEASING = YES;
				CLANG_WARN_BOOL_CONVERSION = YES;
				CLANG_WARN_COMMA = YES;
				CLANG_WARN_CONSTANT_CONVERSION = YES;
				CLANG_WARN_DEPRECATED_OBJC_IMPLEMENTATIONS = YES;
				CLANG_WARN_DIRECT_OBJC_ISA_USAGE = YES_ERROR;
				CLANG_WARN_DOCUMENTATION_COMMENTS = YES;
				CLANG_WARN_EMPTY_BODY = YES;
				CLANG_WARN_ENUM_CONVERSION = YES;
				CLANG_WARN_INFINITE_RECURSION = YES;
				CLANG_WARN_INT_CONVERSION = YES;
				CLANG_WARN_NON_LITERAL_NULL_CONVERSION = YES;
				CLANG_WARN_OBJC_IMPLICIT_RETAIN_SELF = YES;
				CLANG_WARN_OBJC_LITERAL_CONVERSION = YES;
				CLANG_WARN_OBJC_ROOT_CLASS = YES_ERROR;
				CLANG_WARN_RANGE_LOOP_ANALYSIS = YES;
				CLANG_WARN_STRICT_PROTOTYPES = YES;
				CLANG_WARN_SUSPICIOUS_MOVE = YES;
				CLANG_WARN_UNGUARDED_AVAILABILITY = YES_AGGRESSIVE;
				CLANG_WARN_UNREACHABLE_CODE = YES;
				CLANG_WARN__DUPLICATE_METHOD_MATCH = YES;
				CODE_SIGN_IDENTITY = "iPhone Developer";
				COPY_PHASE_STRIP = NO;
				DEBUG_INFORMATION_FORMAT = dwarf;
				ENABLE_STRICT_OBJC_MSGSEND = YES;
				ENABLE_TESTABILITY = YES;
				GCC_C_LANGUAGE_STANDARD = gnu11;
				GCC_DYNAMIC_NO_PIC = NO;
				GCC_NO_COMMON_BLOCKS = YES;
				GCC_OPTIMIZATION_LEVEL = 0;
				GCC_PREPROCESSOR_DEFINITIONS = (
					"DEBUG=1",
					"$(inherited)",
				);
				GCC_WARN_64_TO_32_BIT_CONVERSION = YES;
				GCC_WARN_ABOUT_RETURN_TYPE = YES_ERROR;
				GCC_WARN_UNDECLARED_SELECTOR = YES;
				GCC_WARN_UNINITIALIZED_AUTOS = YES_AGGRESSIVE;
				GCC_WARN_UNUSED_FUNCTION = YES;
				GCC_WARN_UNUSED_VARIABLE = YES;
				IPHONEOS_DEPLOYMENT_TARGET = 12.2;
				MTL_ENABLE_DEBUG_INFO = INCLUDE_SOURCE;
				MTL_FAST_MATH = YES;
				ONLY_ACTIVE_ARCH = YES;
				SDKROOT = iphoneos;
				SWIFT_ACTIVE_COMPILATION_CONDITIONS = DEBUG;
				SWIFT_OPTIMIZATION_LEVEL = "-Onone";
			};
			name = Debug;
		};
		006A11A422B9046000237B3F /* Release */ = {
			isa = XCBuildConfiguration;
			buildSettings = {
				ALWAYS_SEARCH_USER_PATHS = NO;
				CLANG_ANALYZER_LOCALIZABILITY_NONLOCALIZED = YES;
				CLANG_ANALYZER_NONNULL = YES;
				CLANG_ANALYZER_NUMBER_OBJECT_CONVERSION = YES_AGGRESSIVE;
				CLANG_CXX_LANGUAGE_STANDARD = "gnu++14";
				CLANG_CXX_LIBRARY = "libc++";
				CLANG_ENABLE_MODULES = YES;
				CLANG_ENABLE_OBJC_ARC = YES;
				CLANG_ENABLE_OBJC_WEAK = YES;
				CLANG_WARN_BLOCK_CAPTURE_AUTORELEASING = YES;
				CLANG_WARN_BOOL_CONVERSION = YES;
				CLANG_WARN_COMMA = YES;
				CLANG_WARN_CONSTANT_CONVERSION = YES;
				CLANG_WARN_DEPRECATED_OBJC_IMPLEMENTATIONS = YES;
				CLANG_WARN_DIRECT_OBJC_ISA_USAGE = YES_ERROR;
				CLANG_WARN_DOCUMENTATION_COMMENTS = YES;
				CLANG_WARN_EMPTY_BODY = YES;
				CLANG_WARN_ENUM_CONVERSION = YES;
				CLANG_WARN_INFINITE_RECURSION = YES;
				CLANG_WARN_INT_CONVERSION = YES;
				CLANG_WARN_NON_LITERAL_NULL_CONVERSION = YES;
				CLANG_WARN_OBJC_IMPLICIT_RETAIN_SELF = YES;
				CLANG_WARN_OBJC_LITERAL_CONVERSION = YES;
				CLANG_WARN_OBJC_ROOT_CLASS = YES_ERROR;
				CLANG_WARN_RANGE_LOOP_ANALYSIS = YES;
				CLANG_WARN_STRICT_PROTOTYPES = YES;
				CLANG_WARN_SUSPICIOUS_MOVE = YES;
				CLANG_WARN_UNGUARDED_AVAILABILITY = YES_AGGRESSIVE;
				CLANG_WARN_UNREACHABLE_CODE = YES;
				CLANG_WARN__DUPLICATE_METHOD_MATCH = YES;
				CODE_SIGN_IDENTITY = "iPhone Developer";
				COPY_PHASE_STRIP = NO;
				DEBUG_INFORMATION_FORMAT = "dwarf-with-dsym";
				ENABLE_NS_ASSERTIONS = NO;
				ENABLE_STRICT_OBJC_MSGSEND = YES;
				GCC_C_LANGUAGE_STANDARD = gnu11;
				GCC_NO_COMMON_BLOCKS = YES;
				GCC_WARN_64_TO_32_BIT_CONVERSION = YES;
				GCC_WARN_ABOUT_RETURN_TYPE = YES_ERROR;
				GCC_WARN_UNDECLARED_SELECTOR = YES;
				GCC_WARN_UNINITIALIZED_AUTOS = YES_AGGRESSIVE;
				GCC_WARN_UNUSED_FUNCTION = YES;
				GCC_WARN_UNUSED_VARIABLE = YES;
				IPHONEOS_DEPLOYMENT_TARGET = 12.2;
				MTL_ENABLE_DEBUG_INFO = NO;
				MTL_FAST_MATH = YES;
				SDKROOT = iphoneos;
				SWIFT_COMPILATION_MODE = wholemodule;
				SWIFT_OPTIMIZATION_LEVEL = "-O";
				VALIDATE_PRODUCT = YES;
			};
			name = Release;
		};
		006A11A622B9046000237B3F /* Debug */ = {
			isa = XCBuildConfiguration;
			baseConfigurationReference = 57D1450351C40EA655DD081A /* Pods-iMediaProto.debug.xcconfig */;
			buildSettings = {
				ASSETCATALOG_COMPILER_APPICON_NAME = AppIcon;
				CLANG_ENABLE_MODULES = YES;
				CODE_SIGN_STYLE = Automatic;
				DEVELOPMENT_TEAM = 4SM3Y64WB5;
				INFOPLIST_FILE = iMediaProto/Info.plist;
				LD_RUNPATH_SEARCH_PATHS = (
					"$(inherited)",
					"@executable_path/Frameworks",
				);
				PRODUCT_BUNDLE_IDENTIFIER = aa.bb.ccc345;
				PRODUCT_NAME = "$(TARGET_NAME)";
				SWIFT_OBJC_BRIDGING_HEADER = "iMediaProto/iMediaProto-Bridging-Header.h";
				SWIFT_OPTIMIZATION_LEVEL = "-Onone";
				SWIFT_VERSION = 5.0;
				TARGETED_DEVICE_FAMILY = "1,2";
			};
			name = Debug;
		};
		006A11A722B9046000237B3F /* Release */ = {
			isa = XCBuildConfiguration;
			baseConfigurationReference = 713684BDB13589D530C338F1 /* Pods-iMediaProto.release.xcconfig */;
			buildSettings = {
				ASSETCATALOG_COMPILER_APPICON_NAME = AppIcon;
				CLANG_ENABLE_MODULES = YES;
				CODE_SIGN_STYLE = Automatic;
				DEVELOPMENT_TEAM = 4SM3Y64WB5;
				INFOPLIST_FILE = iMediaProto/Info.plist;
				LD_RUNPATH_SEARCH_PATHS = (
					"$(inherited)",
					"@executable_path/Frameworks",
				);
				PRODUCT_BUNDLE_IDENTIFIER = aa.bb.ccc345;
				PRODUCT_NAME = "$(TARGET_NAME)";
				SWIFT_OBJC_BRIDGING_HEADER = "iMediaProto/iMediaProto-Bridging-Header.h";
				SWIFT_VERSION = 5.0;
				TARGETED_DEVICE_FAMILY = "1,2";
			};
			name = Release;
		};
/* End XCBuildConfiguration section */

/* Begin XCConfigurationList section */
		006A118E22B9045D00237B3F /* Build configuration list for PBXProject "iMediaProto" */ = {
			isa = XCConfigurationList;
			buildConfigurations = (
				006A11A322B9046000237B3F /* Debug */,
				006A11A422B9046000237B3F /* Release */,
			);
			defaultConfigurationIsVisible = 0;
			defaultConfigurationName = Release;
		};
		006A11A522B9046000237B3F /* Build configuration list for PBXNativeTarget "iMediaProto" */ = {
			isa = XCConfigurationList;
			buildConfigurations = (
				006A11A622B9046000237B3F /* Debug */,
				006A11A722B9046000237B3F /* Release */,
			);
			defaultConfigurationIsVisible = 0;
			defaultConfigurationName = Release;
		};
/* End XCConfigurationList section */
	};
	rootObject = 006A118B22B9045D00237B3F /* Project object */;
}
